
Microsoft Visual Studio Solution File, Format Version 12.00
# Visual Studio Version 17
VisualStudioVersion = 17.4.33213.308
MinimumVisualStudioVersion = 10.0.40219.1
Project("{FAE04EC0-301F-11D3-BF4B-00C04F79EFBC}") = "PdfTranscriber", "PdfTranscriber\PdfTranscriber.csproj", "{3485388E-B6DF-4055-B0A1-D238F699124E}"
EndProject
Global
	GlobalSection(SolutionConfigurationPlatforms) = preSolution
		Debug|Any CPU = Debug|Any CPU
		Release|Any CPU = Release|Any CPU
	EndGlobalSection
	GlobalSection(ProjectConfigurationPlatforms) = postSolution
		{3485388E-B6DF-4055-B0A1-D238F699124E}.Debug|Any CPU.ActiveCfg = Debug|Any CPU
		{3485388E-B6DF-4055-B0A1-D238F699124E}.Debug|Any CPU.Build.0 = Debug|Any CPU
		{3485388E-B6DF-4055-B0A1-D238F699124E}.Release|Any CPU.ActiveCfg = Release|Any CPU
		{3485388E-B6DF-4055-B0A1-D238F699124E}.Release|Any CPU.Build.0 = Release|Any CPU
	EndGlobalSection
	GlobalSection(SolutionProperties) = preSolution
		HideSolutionNode = FALSE
	EndGlobalSection
	GlobalSection(ExtensibilityGlobals) = postSolution
		SolutionGuid = {1A75E681-F7E3-4754-945A-784BCAE37F83}
	EndGlobalSection
EndGlobal
